// !$*UTF8*$!
{
	archiveVersion = 1;
	classes = {
	};
	objectVersion = 46;
	objects = {

/* Begin PBXBuildFile section */
		5FA9DDB91F272ADF009BE71A /* AppDelegate.swift in Sources */ = {isa = PBXBuildFile; fileRef = 5FA9DDB81F272ADF009BE71A /* AppDelegate.swift */; };
		5FA9DDBB1F272ADF009BE71A /* ViewController.swift in Sources */ = {isa = PBXBuildFile; fileRef = 5FA9DDBA1F272ADF009BE71A /* ViewController.swift */; };
		5FA9DDBE1F272ADF009BE71A /* Main.storyboard in Resources */ = {isa = PBXBuildFile; fileRef = 5FA9DDBC1F272ADF009BE71A /* Main.storyboard */; };
		5FA9DDC01F272ADF009BE71A /* Images.xcassets in Resources */ = {isa = PBXBuildFile; fileRef = 5FA9DDBF1F272ADF009BE71A /* Images.xcassets */; };
		5FA9DDC31F272AE0009BE71A /* LaunchScreen.xib in Resources */ = {isa = PBXBuildFile; fileRef = 5FA9DDC11F272AE0009BE71A /* LaunchScreen.xib */; };
		5FA9DDCF1F272AE0009BE71A /* PKRU_CalculateTests.swift in Sources */ = {isa = PBXBuildFile; fileRef = 5FA9DDCE1F272AE0009BE71A /* PKRU_CalculateTests.swift */; };
/* End PBXBuildFile section */

/* Begin PBXContainerItemProxy section */
		5FA9DDC91F272AE0009BE71A /* PBXContainerItemProxy */ = {
			isa = PBXContainerItemProxy;
			containerPortal = 5FA9DDAB1F272ADF009BE71A /* Project object */;
			proxyType = 1;
			remoteGlobalIDString = 5FA9DDB21F272ADF009BE71A;
			remoteInfo = "PKRU Calculate";
		};
/* End PBXContainerItemProxy section */

/* Begin PBXFileReference section */
		5FA9DDB31F272ADF009BE71A /* PKRU Calculate.app */ = {isa = PBXFileReference; explicitFileType = wrapper.application; includeInIndex = 0; path = "PKRU Calculate.app"; sourceTree = BUILT_PRODUCTS_DIR; };
		5FA9DDB71F272ADF009BE71A /* Info.plist */ = {isa = PBXFileReference; lastKnownFileType = text.plist.xml; path = Info.plist; sourceTree = "<group>"; };
		5FA9DDB81F272ADF009BE71A /* AppDelegate.swift */ = {isa = PBXFileReference; lastKnownFileType = sourcecode.swift; path = AppDelegate.swift; sourceTree = "<group>"; };
		5FA9DDBA1F272ADF009BE71A /* ViewController.swift */ = {isa = PBXFileReference; lastKnownFileType = sourcecode.swift; path = ViewController.swift; sourceTree = "<group>"; };
		5FA9DDBD1F272ADF009BE71A /* Base */ = {isa = PBXFileReference; lastKnownFileType = file.storyboard; name = Base; path = Base.lproj/Main.storyboard; sourceTree = "<group>"; };
		5FA9DDBF1F272ADF009BE71A /* Images.xcassets */ = {isa = PBXFileReference; lastKnownFileType = folder.assetcatalog; path = Images.xcassets; sourceTree = "<group>"; };
		5FA9DDC21F272AE0009BE71A /* Base */ = {isa = PBXFileReference; lastKnownFileType = file.xib; name = Base; path = Base.lproj/LaunchScreen.xib; sourceTree = "<group>"; };
		5FA9DDC81F272AE0009BE71A /* PKRU CalculateTests.xctest */ = {isa = PBXFileReference; explicitFileType = wrapper.cfbundle; includeInIndex = 0; path = "PKRU CalculateTests.xctest"; sourceTree = BUILT_PRODUCTS_DIR; };
		5FA9DDCD1F272AE0009BE71A /* Info.plist */ = {isa = PBXFileReference; lastKnownFileType = text.plist.xml; path = Info.plist; sourceTree = "<group>"; };
		5FA9DDCE1F272AE0009BE71A /* PKRU_CalculateTests.swift */ = {isa = PBXFileReference; lastKnownFileType = sourcecode.swift; path = PKRU_CalculateTests.swift; sourceTree = "<group>"; };
/* End PBXFileReference section */

/* Begin PBXFrameworksBuildPhase section */
		5FA9DDB01F272ADF009BE71A /* Frameworks */ = {
			isa = PBXFrameworksBuildPhase;
			buildActionMask = 2147483647;
			files = (
			);
			runOnlyForDeploymentPostprocessing = 0;
		};
		5FA9DDC51F272AE0009BE71A /* Frameworks */ = {
			isa = PBXFrameworksBuildPhase;
			buildActionMask = 2147483647;
			files = (
			);
			runOnlyForDeploymentPostprocessing = 0;
		};
/* End PBXFrameworksBuildPhase section */

/* Begin PBXGroup section */
		5FA9DDAA1F272ADF009BE71A = {
			isa = PBXGroup;
			children = (
				5FA9DDB51F272ADF009BE71A /* PKRU Calculate */,
				5FA9DDCB1F272AE0009BE71A /* PKRU CalculateTests */,
				5FA9DDB41F272ADF009BE71A /* Products */,
			);
			sourceTree = "<group>";
		};
		5FA9DDB41F272ADF009BE71A /* Products */ = {
			isa = PBXGroup;
			children = (
				5FA9DDB31F272ADF009BE71A /* PKRU Calculate.app */,
				5FA9DDC81F272AE0009BE71A /* PKRU CalculateTests.xctest */,
			);
			name = Products;
			sourceTree = "<group>";
		};
		5FA9DDB51F272ADF009BE71A /* PKRU Calculate */ = {
			isa = PBXGroup;
			children = (
				5FA9DDB81F272ADF009BE71A /* AppDelegate.swift */,
				5FA9DDBA1F272ADF009BE71A /* ViewController.swift */,
				5FA9DDBC1F272ADF009BE71A /* Main.storyboard */,
				5FA9DDBF1F272ADF009BE71A /* Images.xcassets */,
				5FA9DDC11F272AE0009BE71A /* LaunchScreen.xib */,
				5FA9DDB61F272ADF009BE71A /* Supporting Files */,
			);
			path = "PKRU Calculate";
			sourceTree = "<group>";
		};
		5FA9DDB61F272ADF009BE71A /* Supporting Files */ = {
			isa = PBXGroup;
			children = (
				5FA9DDB71F272ADF009BE71A /* Info.plist */,
			);
			name = "Supporting Files";
			sourceTree = "<group>";
		};
		5FA9DDCB1F272AE0009BE71A /* PKRU CalculateTests */ = {
			isa = PBXGroup;
			children = (
				5FA9DDCE1F272AE0009BE71A /* PKRU_CalculateTests.swift */,
				5FA9DDCC1F272AE0009BE71A /* Supporting Files */,
			);
			path = "PKRU CalculateTests";
			sourceTree = "<group>";
		};
		5FA9DDCC1F272AE0009BE71A /* Supporting Files */ = {
			isa = PBXGroup;
			children = (
				5FA9DDCD1F272AE0009BE71A /* Info.plist */,
			);
			name = "Supporting Files";
			sourceTree = "<group>";
		};
/* End PBXGroup section */

/* Begin PBXNativeTarget section */
		5FA9DDB21F272ADF009BE71A /* PKRU Calculate */ = {
			isa = PBXNativeTarget;
			buildConfigurationList = 5FA9DDD21F272AE0009BE71A /* Build configuration list for PBXNativeTarget "PKRU Calculate" */;
			buildPhases = (
				5FA9DDAF1F272ADF009BE71A /* Sources */,
				5FA9DDB01F272ADF009BE71A /* Frameworks */,
				5FA9DDB11F272ADF009BE71A /* Resources */,
			);
			buildRules = (
			);
			dependencies = (
			);
			name = "PKRU Calculate";
			productName = "PKRU Calculate";
			productReference = 5FA9DDB31F272ADF009BE71A /* PKRU Calculate.app */;
			productType = "com.apple.product-type.application";
		};
		5FA9DDC71F272AE0009BE71A /* PKRU CalculateTests */ = {
			isa = PBXNativeTarget;
			buildConfigurationList = 5FA9DDD51F272AE0009BE71A /* Build configuration list for PBXNativeTarget "PKRU CalculateTests" */;
			buildPhases = (
				5FA9DDC41F272AE0009BE71A /* Sources */,
				5FA9DDC51F272AE0009BE71A /* Frameworks */,
				5FA9DDC61F272AE0009BE71A /* Resources */,
			);
			buildRules = (
			);
			dependencies = (
				5FA9DDCA1F272AE0009BE71A /* PBXTargetDependency */,
			);
			name = "PKRU CalculateTests";
			productName = "PKRU CalculateTests";
			productReference = 5FA9DDC81F272AE0009BE71A /* PKRU CalculateTests.xctest */;
			productType = "com.apple.product-type.bundle.unit-test";
		};
/* End PBXNativeTarget section */

/* Begin PBXProject section */
		5FA9DDAB1F272ADF009BE71A /* Project object */ = {
			isa = PBXProject;
			attributes = {
				LastUpgradeCheck = 0640;
				ORGANIZATIONNAME = "Com 05";
				TargetAttributes = {
					5FA9DDB21F272ADF009BE71A = {
						CreatedOnToolsVersion = 6.4;
					};
					5FA9DDC71F272AE0009BE71A = {
						CreatedOnToolsVersion = 6.4;
						TestTargetID = 5FA9DDB21F272ADF009BE71A;
					};
				};
			};
			buildConfigurationList = 5FA9DDAE1F272ADF009BE71A /* Build configuration list for PBXProject "PKRU Calculate" */;
			compatibilityVersion = "Xcode 3.2";
			developmentRegion = English;
			hasScannedForEncodings = 0;
			knownRegions = (
				en,
				Base,
			);
			mainGroup = 5FA9DDAA1F272ADF009BE71A;
			productRefGroup = 5FA9DDB41F272ADF009BE71A /* Products */;
			projectDirPath = "";
			projectRoot = "";
			targets = (
				5FA9DDB21F272ADF009BE71A /* PKRU Calculate */,
				5FA9DDC71F272AE0009BE71A /* PKRU CalculateTests */,
			);
		};
/* End PBXProject section */

/* Begin PBXResourcesBuildPhase section */
		5FA9DDB11F272ADF009BE71A /* Resources */ = {
			isa = PBXResourcesBuildPhase;
			buildActionMask = 2147483647;
			files = (
				5FA9DDBE1F272ADF009BE71A /* Main.storyboard in Resources */,
				5FA9DDC31F272AE0009BE71A /* LaunchScreen.xib in Resources */,
				5FA9DDC01F272ADF009BE71A /* Images.xcassets in Resources */,
			);
			runOnlyForDeploymentPostprocessing = 0;
		};
		5FA9DDC61F272AE0009BE71A /* Resources */ = {
			isa = PBXResourcesBuildPhase;
			buildActionMask = 2147483647;
			files = (
			);
			runOnlyForDeploymentPostprocessing = 0;
		};
/* End PBXResourcesBuildPhase section */

/* Begin PBXSourcesBuildPhase section */
		5FA9DDAF1F272ADF009BE71A /* Sources */ = {
			isa = PBXSourcesBuildPhase;
			buildActionMask = 2147483647;
			files = (
				5FA9DDBB1F272ADF009BE71A /* ViewController.swift in Sources */,
				5FA9DDB91F272ADF009BE71A /* AppDelegate.swift in Sources */,
			);
			runOnlyForDeploymentPostprocessing = 0;
		};
		5FA9DDC41F272AE0009BE71A /* Sources */ = {
			isa = PBXSourcesBuildPhase;
			buildActionMask = 2147483647;
			files = (
				5FA9DDCF1F272AE0009BE71A /* PKRU_CalculateTests.swift in Sources */,
			);
			runOnlyForDeploymentPostprocessing = 0;
		};
/* End PBXSourcesBuildPhase section */

/* Begin PBXTargetDependency section */
		5FA9DDCA1F272AE0009BE71A /* PBXTargetDependency */ = {
			isa = PBXTargetDependency;
			target = 5FA9DDB21F272ADF009BE71A /* PKRU Calculate */;
			targetProxy = 5FA9DDC91F272AE0009BE71A /* PBXContainerItemProxy */;
		};
/* End PBXTargetDependency section */

/* Begin PBXVariantGroup section */
		5FA9DDBC1F272ADF009BE71A /* Main.storyboard */ = {
			isa = PBXVariantGroup;
			children = (
				5FA9DDBD1F272ADF009BE71A /* Base */,
			);
			name = Main.storyboard;
			sourceTree = "<group>";
		};
		5FA9DDC11F272AE0009BE71A /* LaunchScreen.xib */ = {
			isa = PBXVariantGroup;
			children = (
				5FA9DDC21F272AE0009BE71A /* Base */,
			);
			name = LaunchScreen.xib;
			sourceTree = "<group>";
		};
/* End PBXVariantGroup section */

/* Begin XCBuildConfiguration section */
		5FA9DDD01F272AE0009BE71A /* Debug */ = {
			isa = XCBuildConfiguration;
			buildSettings = {
				ALWAYS_SEARCH_USER_PATHS = NO;
				CLANG_CXX_LANGUAGE_STANDARD = "gnu++0x";
				CLANG_CXX_LIBRARY = "libc++";
				CLANG_ENABLE_MODULES = YES;
				CLANG_ENABLE_OBJC_ARC = YES;
				CLANG_WARN_BOOL_CONVERSION = YES;
				CLANG_WARN_CONSTANT_CONVERSION = YES;
				CLANG_WARN_DIRECT_OBJC_ISA_USAGE = YES_ERROR;
				CLANG_WARN_EMPTY_BODY = YES;
				CLANG_WARN_ENUM_CONVERSION = YES;
				CLANG_WARN_INT_CONVERSION = YES;
				CLANG_WARN_OBJC_ROOT_CLASS = YES_ERROR;
				CLANG_WARN_UNREACHABLE_CODE = YES;
				CLANG_WARN__DUPLICATE_METHOD_MATCH = YES;
				"CODE_SIGN_IDENTITY[sdk=iphoneos*]" = "iPhone Developer";
				COPY_PHASE_STRIP = NO;
				DEBUG_INFORMATION_FORMAT = "dwarf-with-dsym";
				ENABLE_STRICT_OBJC_MSGSEND = YES;
				GCC_C_LANGUAGE_STANDARD = gnu99;
				GCC_DYNAMIC_NO_PIC = NO;
				GCC_NO_COMMON_BLOCKS = YES;
				GCC_OPTIMIZATION_LEVEL = 0;
				GCC_PREPROCESSOR_DEFINITIONS = (
					"DEBUG=1",
					"$(inherited)",
				);
				GCC_SYMBOLS_PRIVATE_EXTERN = NO;
				GCC_WARN_64_TO_32_BIT_CONVERSION = YES;
				GCC_WARN_ABOUT_RETURN_TYPE = YES_ERROR;
				GCC_WARN_UNDECLARED_SELECTOR = YES;
				GCC_WARN_UNINITIALIZED_AUTOS = YES_AGGRESSIVE;
				GCC_WARN_UNUSED_FUNCTION = YES;
				GCC_WARN_UNUSED_VARIABLE = YES;
				IPHONEOS_DEPLOYMENT_TARGET = 8.4;
				MTL_ENABLE_DEBUG_INFO = YES;
				ONLY_ACTIVE_ARCH = YES;
				SDKROOT = iphoneos;
				SWIFT_OPTIMIZATION_LEVEL = "-Onone";
				TARGETED_DEVICE_FAMILY = "1,2";
			};
			name = Debug;
		};
		5FA9DDD11F272AE0009BE71A /* Release */ = {
			isa = XCBuildConfiguration;
			buildSettings = {
				ALWAYS_SEARCH_USER_PATHS = NO;
				CLANG_CXX_LANGUAGE_STANDARD = "gnu++0x";
				CLANG_CXX_LIBRARY = "libc++";
				CLANG_ENABLE_MODULES = YES;
				CLANG_ENABLE_OBJC_ARC = YES;
				CLANG_WARN_BOOL_CONVERSION = YES;
				CLANG_WARN_CONSTANT_CONVERSION = YES;
				CLANG_WARN_DIRECT_OBJC_ISA_USAGE = YES_ERROR;
				CLANG_WARN_EMPTY_BODY = YES;
				CLANG_WARN_ENUM_CONVERSION = YES;
				CLANG_WARN_INT_CONVERSION = YES;
				CLANG_WARN_OBJC_ROOT_CLASS = YES_ERROR;
				CLANG_WARN_UNREACHABLE_CODE = YES;
				CLANG_WARN__DUPLICATE_METHOD_MATCH = YES;
				"CODE_SIGN_IDENTITY[sdk=iphoneos*]" = "iPhone Developer";
				COPY_PHASE_STRIP = NO;
				DEBUG_INFORMATION_FORMAT = "dwarf-with-dsym";
				ENABLE_NS_ASSERTIONS = NO;
				ENABLE_STRICT_OBJC_MSGSEND = YES;
				GCC_C_LANGUAGE_STANDARD = gnu99;
				GCC_NO_COMMON_BLOCKS = YES;
				GCC_WARN_64_TO_32_BIT_CONVERSION = YES;
				GCC_WARN_ABOUT_RETURN_TYPE = YES_ERROR;
				GCC_WARN_UNDECLARED_SELECTOR = YES;
				GCC_WARN_UNINITIALIZED_AUTOS = YES_AGGRESSIVE;
				GCC_WARN_UNUSED_FUNCTION = YES;
				GCC_WARN_UNUSED_VARIABLE = YES;
				IPHONEOS_DEPLOYMENT_TARGET = 8.4;
				MTL_ENABLE_DEBUG_INFO = NO;
				SDKROOT = iphoneos;
				TARGETED_DEVICE_FAMILY = "1,2";
				VALIDATE_PRODUCT = YES;
			};
			name = Release;
		};
		5FA9DDD31F272AE0009BE71A /* Debug */ = {
			isa = XCBuildConfiguration;
			buildSettings = {
				ASSETCATALOG_COMPILER_APPICON_NAME = AppIcon;
				INFOPLIST_FILE = "PKRU Calculate/Info.plist";
				LD_RUNPATH_SEARCH_PATHS = "$(inherited) @executable_path/Frameworks";
				PRODUCT_NAME = "$(TARGET_NAME)";
			};
			name = Debug;
		};
		5FA9DDD41F272AE0009BE71A /* Release */ = {
			isa = XCBuildConfiguration;
			buildSettings = {
				ASSETCATALOG_COMPILER_APPICON_NAME = AppIcon;
				INFOPLIST_FILE = "PKRU Calculate/Info.plist";
				LD_RUNPATH_SEARCH_PATHS = "$(inherited) @executable_path/Frameworks";
				PRODUCT_NAME = "$(TARGET_NAME)";
			};
			name = Release;
		};
		5FA9DDD61F272AE0009BE71A /* Debug */ = {
			isa = XCBuildConfiguration;
			buildSettings = {
				BUNDLE_LOADER = "$(TEST_HOST)";
				FRAMEWORK_SEARCH_PATHS = (
					"$(SDKROOT)/Developer/Library/Frameworks",
					"$(inherited)",
				);
				GCC_PREPROCESSOR_DEFINITIONS = (
					"DEBUG=1",
					"$(inherited)",
				);
				INFOPLIST_FILE = "PKRU CalculateTests/Info.plist";
				LD_RUNPATH_SEARCH_PATHS = "$(inherited) @executable_path/Frameworks @loader_path/Frameworks";
				PRODUCT_NAME = "$(TARGET_NAME)";
				TEST_HOST = "$(BUILT_PRODUCTS_DIR)/PKRU Calculate.app/PKRU Calculate";
			};
			name = Debug;
		};
		5FA9DDD71F272AE0009BE71A /* Release */ = {
			isa = XCBuildConfiguration;
			buildSettings = {
				BUNDLE_LOADER = "$(TEST_HOST)";
				FRAMEWORK_SEARCH_PATHS = (
					"$(SDKROOT)/Developer/Library/Frameworks",
					"$(inherited)",
				);
				INFOPLIST_FILE = "PKRU CalculateTests/Info.plist";
				LD_RUNPATH_SEARCH_PATHS = "$(inherited) @executable_path/Frameworks @loader_path/Frameworks";
				PRODUCT_NAME = "$(TARGET_NAME)";
				TEST_HOST = "$(BUILT_PRODUCTS_DIR)/PKRU Calculate.app/PKRU Calculate";
			};
			name = Release;
		};
/* End XCBuildConfiguration section */

/* Begin XCConfigurationList section */
		5FA9DDAE1F272ADF009BE71A /* Build configuration list for PBXProject "PKRU Calculate" */ = {
			isa = XCConfigurationList;
			buildConfigurations = (
				5FA9DDD01F272AE0009BE71A /* Debug */,
				5FA9DDD11F272AE0009BE71A /* Release */,
			);
			defaultConfigurationIsVisible = 0;
			defaultConfigurationName = Release;
		};
		5FA9DDD21F272AE0009BE71A /* Build configuration list for PBXNativeTarget "PKRU Calculate" */ = {
			isa = XCConfigurationList;
			buildConfigurations = (
				5FA9DDD31F272AE0009BE71A /* Debug */,
				5FA9DDD41F272AE0009BE71A /* Release */,
			);
			defaultConfigurationIsVisible = 0;
		};
		5FA9DDD51F272AE0009BE71A /* Build configuration list for PBXNativeTarget "PKRU CalculateTests" */ = {
			isa = XCConfigurationList;
			buildConfigurations = (
				5FA9DDD61F272AE0009BE71A /* Debug */,
				5FA9DDD71F272AE0009BE71A /* Release */,
			);
			defaultConfigurationIsVisible = 0;
		};
/* End XCConfigurationList section */
	};
	rootObject = 5FA9DDAB1F272ADF009BE71A /* Project object */;
}
